// !$*UTF8*$!
{
	archiveVersion = 1;
	classes = {
	};
	objectVersion = 77;
	objects = {

/* Begin PBXBuildFile section */
		B4101C732D8D0DF500C51E9A /* Kingfisher in Frameworks */ = {isa = PBXBuildFile; productRef = B4101C722D8D0DF500C51E9A /* Kingfisher */; };
/* End PBXBuildFile section */

/* Begin PBXContainerItemProxy section */
		B4E879962D880853001975BD /* PBXContainerItemProxy */ = {
			isa = PBXContainerItemProxy;
			containerPortal = B4E8797D2D88084D001975BD /* Project object */;
			proxyType = 1;
			remoteGlobalIDString = B4E879842D88084D001975BD;
			remoteInfo = MovieDatabaseSwiftUI;
		};
		B4E879A02D880853001975BD /* PBXContainerItemProxy */ = {
			isa = PBXContainerItemProxy;
			containerPortal = B4E8797D2D88084D001975BD /* Project object */;
			proxyType = 1;
			remoteGlobalIDString = B4E879842D88084D001975BD;
			remoteInfo = MovieDatabaseSwiftUI;
		};
/* End PBXContainerItemProxy section */

/* Begin PBXFileReference section */
		B4E879852D88084D001975BD /* MovieDatabaseSwiftUI.app */ = {isa = PBXFileReference; explicitFileType = wrapper.application; includeInIndex = 0; path = MovieDatabaseSwiftUI.app; sourceTree = BUILT_PRODUCTS_DIR; };
		B4E879952D880853001975BD /* MovieDatabaseSwiftUITests.xctest */ = {isa = PBXFileReference; explicitFileType = wrapper.cfbundle; includeInIndex = 0; path = MovieDatabaseSwiftUITests.xctest; sourceTree = BUILT_PRODUCTS_DIR; };
		B4E8799F2D880853001975BD /* MovieDatabaseSwiftUIUITests.xctest */ = {isa = PBXFileReference; explicitFileType = wrapper.cfbundle; includeInIndex = 0; path = MovieDatabaseSwiftUIUITests.xctest; sourceTree = BUILT_PRODUCTS_DIR; };
/* End PBXFileReference section */

/* Begin PBXFileSystemSynchronizedBuildFileExceptionSet section */
		B4A4C9392D8F596500848D87 /* Exceptions for "MovieDatabaseSwiftUI" folder in "MovieDatabaseSwiftUI" target */ = {
			isa = PBXFileSystemSynchronizedBuildFileExceptionSet;
			membershipExceptions = (
				Info.plist,
			);
			target = B4E879842D88084D001975BD /* MovieDatabaseSwiftUI */;
		};
/* End PBXFileSystemSynchronizedBuildFileExceptionSet section */

/* Begin PBXFileSystemSynchronizedRootGroup section */
		B4E879872D88084D001975BD /* MovieDatabaseSwiftUI */ = {
			isa = PBXFileSystemSynchronizedRootGroup;
			exceptions = (
				B4A4C9392D8F596500848D87 /* Exceptions for "MovieDatabaseSwiftUI" folder in "MovieDatabaseSwiftUI" target */,
			);
			path = MovieDatabaseSwiftUI;
			sourceTree = "<group>";
		};
		B4E879982D880853001975BD /* MovieDatabaseSwiftUITests */ = {
			isa = PBXFileSystemSynchronizedRootGroup;
			path = MovieDatabaseSwiftUITests;
			sourceTree = "<group>";
		};
		B4E879A22D880853001975BD /* MovieDatabaseSwiftUIUITests */ = {
			isa = PBXFileSystemSynchronizedRootGroup;
			path = MovieDatabaseSwiftUIUITests;
			sourceTree = "<group>";
		};
/* End PBXFileSystemSynchronizedRootGroup section */

/* Begin PBXFrameworksBuildPhase section */
		B4E879822D88084D001975BD /* Frameworks */ = {
			isa = PBXFrameworksBuildPhase;
			buildActionMask = 2147483647;
			files = (
				B4101C732D8D0DF500C51E9A /* Kingfisher in Frameworks */,
			);
			runOnlyForDeploymentPostprocessing = 0;
		};
		B4E879922D880853001975BD /* Frameworks */ = {
			isa = PBXFrameworksBuildPhase;
			buildActionMask = 2147483647;
			files = (
			);
			runOnlyForDeploymentPostprocessing = 0;
		};
		B4E8799C2D880853001975BD /* Frameworks */ = {
			isa = PBXFrameworksBuildPhase;
			buildActionMask = 2147483647;
			files = (
			);
			runOnlyForDeploymentPostprocessing = 0;
		};
/* End PBXFrameworksBuildPhase section */

/* Begin PBXGroup section */
		B4E8797C2D88084D001975BD = {
			isa = PBXGroup;
			children = (
				B4E879872D88084D001975BD /* MovieDatabaseSwiftUI */,
				B4E879982D880853001975BD /* MovieDatabaseSwiftUITests */,
				B4E879A22D880853001975BD /* MovieDatabaseSwiftUIUITests */,
				B4E879862D88084D001975BD /* Products */,
			);
			sourceTree = "<group>";
		};
		B4E879862D88084D001975BD /* Products */ = {
			isa = PBXGroup;
			children = (
				B4E879852D88084D001975BD /* MovieDatabaseSwiftUI.app */,
				B4E879952D880853001975BD /* MovieDatabaseSwiftUITests.xctest */,
				B4E8799F2D880853001975BD /* MovieDatabaseSwiftUIUITests.xctest */,
			);
			name = Products;
			sourceTree = "<group>";
		};
/* End PBXGroup section */

/* Begin PBXNativeTarget section */
		B4E879842D88084D001975BD /* MovieDatabaseSwiftUI */ = {
			isa = PBXNativeTarget;
			buildConfigurationList = B4E879A92D880853001975BD /* Build configuration list for PBXNativeTarget "MovieDatabaseSwiftUI" */;
			buildPhases = (
				B4E879812D88084D001975BD /* Sources */,
				B4E879822D88084D001975BD /* Frameworks */,
				B4E879832D88084D001975BD /* Resources */,
			);
			buildRules = (
			);
			dependencies = (
			);
			fileSystemSynchronizedGroups = (
				B4E879872D88084D001975BD /* MovieDatabaseSwiftUI */,
			);
			name = MovieDatabaseSwiftUI;
			packageProductDependencies = (
				B4101C722D8D0DF500C51E9A /* Kingfisher */,
			);
			productName = MovieDatabaseSwiftUI;
			productReference = B4E879852D88084D001975BD /* MovieDatabaseSwiftUI.app */;
			productType = "com.apple.product-type.application";
		};
		B4E879942D880853001975BD /* MovieDatabaseSwiftUITests */ = {
			isa = PBXNativeTarget;
			buildConfigurationList = B4E879AC2D880853001975BD /* Build configuration list for PBXNativeTarget "MovieDatabaseSwiftUITests" */;
			buildPhases = (
				B4E879912D880853001975BD /* Sources */,
				B4E879922D880853001975BD /* Frameworks */,
				B4E879932D880853001975BD /* Resources */,
			);
			buildRules = (
			);
			dependencies = (
				B4E879972D880853001975BD /* PBXTargetDependency */,
			);
			fileSystemSynchronizedGroups = (
				B4E879982D880853001975BD /* MovieDatabaseSwiftUITests */,
			);
			name = MovieDatabaseSwiftUITests;
			packageProductDependencies = (
			);
			productName = MovieDatabaseSwiftUITests;
			productReference = B4E879952D880853001975BD /* MovieDatabaseSwiftUITests.xctest */;
			productType = "com.apple.product-type.bundle.unit-test";
		};
		B4E8799E2D880853001975BD /* MovieDatabaseSwiftUIUITests */ = {
			isa = PBXNativeTarget;
			buildConfigurationList = B4E879AF2D880853001975BD /* Build configuration list for PBXNativeTarget "MovieDatabaseSwiftUIUITests" */;
			buildPhases = (
				B4E8799B2D880853001975BD /* Sources */,
				B4E8799C2D880853001975BD /* Frameworks */,
				B4E8799D2D880853001975BD /* Resources */,
			);
			buildRules = (
			);
			dependencies = (
				B4E879A12D880853001975BD /* PBXTargetDependency */,
			);
			fileSystemSynchronizedGroups = (
				B4E879A22D880853001975BD /* MovieDatabaseSwiftUIUITests */,
			);
			name = MovieDatabaseSwiftUIUITests;
			packageProductDependencies = (
			);
			productName = MovieDatabaseSwiftUIUITests;
			productReference = B4E8799F2D880853001975BD /* MovieDatabaseSwiftUIUITests.xctest */;
			productType = "com.apple.product-type.bundle.ui-testing";
		};
/* End PBXNativeTarget section */

/* Begin PBXProject section */
		B4E8797D2D88084D001975BD /* Project object */ = {
			isa = PBXProject;
			attributes = {
				BuildIndependentTargetsInParallel = 1;
				LastSwiftUpdateCheck = 1620;
				LastUpgradeCheck = 1620;
				TargetAttributes = {
					B4E879842D88084D001975BD = {
						CreatedOnToolsVersion = 16.2;
					};
					B4E879942D880853001975BD = {
						CreatedOnToolsVersion = 16.2;
						TestTargetID = B4E879842D88084D001975BD;
					};
					B4E8799E2D880853001975BD = {
						CreatedOnToolsVersion = 16.2;
						TestTargetID = B4E879842D88084D001975BD;
					};
				};
			};
			buildConfigurationList = B4E879802D88084D001975BD /* Build configuration list for PBXProject "MovieDatabaseSwiftUI" */;
			developmentRegion = en;
			hasScannedForEncodings = 0;
			knownRegions = (
				en,
				Base,
			);
			mainGroup = B4E8797C2D88084D001975BD;
			minimizedProjectReferenceProxies = 1;
			packageReferences = (
				B4101C712D8D0DF500C51E9A /* XCRemoteSwiftPackageReference "Kingfisher" */,
			);
			preferredProjectObjectVersion = 77;
			productRefGroup = B4E879862D88084D001975BD /* Products */;
			projectDirPath = "";
			projectRoot = "";
			targets = (
				B4E879842D88084D001975BD /* MovieDatabaseSwiftUI */,
				B4E879942D880853001975BD /* MovieDatabaseSwiftUITests */,
				B4E8799E2D880853001975BD /* MovieDatabaseSwiftUIUITests */,
			);
		};
/* End PBXProject section */

/* Begin PBXResourcesBuildPhase section */
		B4E879832D88084D001975BD /* Resources */ = {
			isa = PBXResourcesBuildPhase;
			buildActionMask = 2147483647;
			files = (
			);
			runOnlyForDeploymentPostprocessing = 0;
		};
		B4E879932D880853001975BD /* Resources */ = {
			isa = PBXResourcesBuildPhase;
			buildActionMask = 2147483647;
			files = (
			);
			runOnlyForDeploymentPostprocessing = 0;
		};
		B4E8799D2D880853001975BD /* Resources */ = {
			isa = PBXResourcesBuildPhase;
			buildActionMask = 2147483647;
			files = (
			);
			runOnlyForDeploymentPostprocessing = 0;
		};
/* End PBXResourcesBuildPhase section */

/* Begin PBXSourcesBuildPhase section */
		B4E879812D88084D001975BD /* Sources */ = {
			isa = PBXSourcesBuildPhase;
			buildActionMask = 2147483647;
			files = (
			);
			runOnlyForDeploymentPostprocessing = 0;
		};
		B4E879912D880853001975BD /* Sources */ = {
			isa = PBXSourcesBuildPhase;
			buildActionMask = 2147483647;
			files = (
			);
			runOnlyForDeploymentPostprocessing = 0;
		};
		B4E8799B2D880853001975BD /* Sources */ = {
			isa = PBXSourcesBuildPhase;
			buildActionMask = 2147483647;
			files = (
			);
			runOnlyForDeploymentPostprocessing = 0;
		};
/* End PBXSourcesBuildPhase section */

/* Begin PBXTargetDependency section */
		B4E879972D880853001975BD /* PBXTargetDependency */ = {
			isa = PBXTargetDependency;
			target = B4E879842D88084D001975BD /* MovieDatabaseSwiftUI */;
			targetProxy = B4E879962D880853001975BD /* PBXContainerItemProxy */;
		};
		B4E879A12D880853001975BD /* PBXTargetDependency */ = {
			isa = PBXTargetDependency;
			target = B4E879842D88084D001975BD /* MovieDatabaseSwiftUI */;
			targetProxy = B4E879A02D880853001975BD /* PBXContainerItemProxy */;
		};
/* End PBXTargetDependency section */

/* Begin XCBuildConfiguration section */
		B4E879A72D880853001975BD /* Debug */ = {
			isa = XCBuildConfiguration;
			buildSettings = {
				ALWAYS_SEARCH_USER_PATHS = NO;
				ASSETCATALOG_COMPILER_GENERATE_SWIFT_ASSET_SYMBOL_EXTENSIONS = YES;
				CLANG_ANALYZER_NONNULL = YES;
				CLANG_ANALYZER_NUMBER_OBJECT_CONVERSION = YES_AGGRESSIVE;
				CLANG_CXX_LANGUAGE_STANDARD = "gnu++20";
				CLANG_ENABLE_MODULES = YES;
				CLANG_ENABLE_OBJC_ARC = YES;
				CLANG_ENABLE_OBJC_WEAK = YES;
				CLANG_WARN_BLOCK_CAPTURE_AUTORELEASING = YES;
				CLANG_WARN_BOOL_CONVERSION = YES;
				CLANG_WARN_COMMA = YES;
				CLANG_WARN_CONSTANT_CONVERSION = YES;
				CLANG_WARN_DEPRECATED_OBJC_IMPLEMENTATIONS = YES;
				CLANG_WARN_DIRECT_OBJC_ISA_USAGE = YES_ERROR;
				CLANG_WARN_DOCUMENTATION_COMMENTS = YES;
				CLANG_WARN_EMPTY_BODY = YES;
				CLANG_WARN_ENUM_CONVERSION = YES;
				CLANG_WARN_INFINITE_RECURSION = YES;
				CLANG_WARN_INT_CONVERSION = YES;
				CLANG_WARN_NON_LITERAL_NULL_CONVERSION = YES;
				CLANG_WARN_OBJC_IMPLICIT_RETAIN_SELF = YES;
				CLANG_WARN_OBJC_LITERAL_CONVERSION = YES;
				CLANG_WARN_OBJC_ROOT_CLASS = YES_ERROR;
				CLANG_WARN_QUOTED_INCLUDE_IN_FRAMEWORK_HEADER = YES;
				CLANG_WARN_RANGE_LOOP_ANALYSIS = YES;
				CLANG_WARN_STRICT_PROTOTYPES = YES;
				CLANG_WARN_SUSPICIOUS_MOVE = YES;
				CLANG_WARN_UNGUARDED_AVAILABILITY = YES_AGGRESSIVE;
				CLANG_WARN_UNREACHABLE_CODE = YES;
				CLANG_WARN__DUPLICATE_METHOD_MATCH = YES;
				COPY_PHASE_STRIP = NO;
				DEBUG_INFORMATION_FORMAT = dwarf;
				ENABLE_STRICT_OBJC_MSGSEND = YES;
				ENABLE_TESTABILITY = YES;
				ENABLE_USER_SCRIPT_SANDBOXING = YES;
				GCC_C_LANGUAGE_STANDARD = gnu17;
				GCC_DYNAMIC_NO_PIC = NO;
				GCC_NO_COMMON_BLOCKS = YES;
				GCC_OPTIMIZATION_LEVEL = 0;
				GCC_PREPROCESSOR_DEFINITIONS = (
					"DEBUG=1",
					"$(inherited)",
				);
				GCC_WARN_64_TO_32_BIT_CONVERSION = YES;
				GCC_WARN_ABOUT_RETURN_TYPE = YES_ERROR;
				GCC_WARN_UNDECLARED_SELECTOR = YES;
				GCC_WARN_UNINITIALIZED_AUTOS = YES_AGGRESSIVE;
				GCC_WARN_UNUSED_FUNCTION = YES;
				GCC_WARN_UNUSED_VARIABLE = YES;
				IPHONEOS_DEPLOYMENT_TARGET = 18.2;
				LOCALIZATION_PREFERS_STRING_CATALOGS = YES;
				MTL_ENABLE_DEBUG_INFO = INCLUDE_SOURCE;
				MTL_FAST_MATH = YES;
				ONLY_ACTIVE_ARCH = YES;
				SDKROOT = iphoneos;
				SWIFT_ACTIVE_COMPILATION_CONDITIONS = "DEBUG $(inherited)";
				SWIFT_OPTIMIZATION_LEVEL = "-Onone";
			};
			name = Debug;
		};
		B4E879A82D880853001975BD /* Release */ = {
			isa = XCBuildConfiguration;
			buildSettings = {
				ALWAYS_SEARCH_USER_PATHS = NO;
				ASSETCATALOG_COMPILER_GENERATE_SWIFT_ASSET_SYMBOL_EXTENSIONS = YES;
				CLANG_ANALYZER_NONNULL = YES;
				CLANG_ANALYZER_NUMBER_OBJECT_CONVERSION = YES_AGGRESSIVE;
				CLANG_CXX_LANGUAGE_STANDARD = "gnu++20";
				CLANG_ENABLE_MODULES = YES;
				CLANG_ENABLE_OBJC_ARC = YES;
				CLANG_ENABLE_OBJC_WEAK = YES;
				CLANG_WARN_BLOCK_CAPTURE_AUTORELEASING = YES;
				CLANG_WARN_BOOL_CONVERSION = YES;
				CLANG_WARN_COMMA = YES;
				CLANG_WARN_CONSTANT_CONVERSION = YES;
				CLANG_WARN_DEPRECATED_OBJC_IMPLEMENTATIONS = YES;
				CLANG_WARN_DIRECT_OBJC_ISA_USAGE = YES_ERROR;
				CLANG_WARN_DOCUMENTATION_COMMENTS = YES;
				CLANG_WARN_EMPTY_BODY = YES;
				CLANG_WARN_ENUM_CONVERSION = YES;
				CLANG_WARN_INFINITE_RECURSION = YES;
				CLANG_WARN_INT_CONVERSION = YES;
				CLANG_WARN_NON_LITERAL_NULL_CONVERSION = YES;
				CLANG_WARN_OBJC_IMPLICIT_RETAIN_SELF = YES;
				CLANG_WARN_OBJC_LITERAL_CONVERSION = YES;
				CLANG_WARN_OBJC_ROOT_CLASS = YES_ERROR;
				CLANG_WARN_QUOTED_INCLUDE_IN_FRAMEWORK_HEADER = YES;
				CLANG_WARN_RANGE_LOOP_ANALYSIS = YES;
				CLANG_WARN_STRICT_PROTOTYPES = YES;
				CLANG_WARN_SUSPICIOUS_MOVE = YES;
				CLANG_WARN_UNGUARDED_AVAILABILITY = YES_AGGRESSIVE;
				CLANG_WARN_UNREACHABLE_CODE = YES;
				CLANG_WARN__DUPLICATE_METHOD_MATCH = YES;
				COPY_PHASE_STRIP = NO;
				DEBUG_INFORMATION_FORMAT = "dwarf-with-dsym";
				ENABLE_NS_ASSERTIONS = NO;
				ENABLE_STRICT_OBJC_MSGSEND = YES;
				ENABLE_USER_SCRIPT_SANDBOXING = YES;
				GCC_C_LANGUAGE_STANDARD = gnu17;
				GCC_NO_COMMON_BLOCKS = YES;
				GCC_WARN_64_TO_32_BIT_CONVERSION = YES;
				GCC_WARN_ABOUT_RETURN_TYPE = YES_ERROR;
				GCC_WARN_UNDECLARED_SELECTOR = YES;
				GCC_WARN_UNINITIALIZED_AUTOS = YES_AGGRESSIVE;
				GCC_WARN_UNUSED_FUNCTION = YES;
				GCC_WARN_UNUSED_VARIABLE = YES;
				IPHONEOS_DEPLOYMENT_TARGET = 18.2;
				LOCALIZATION_PREFERS_STRING_CATALOGS = YES;
				MTL_ENABLE_DEBUG_INFO = NO;
				MTL_FAST_MATH = YES;
				SDKROOT = iphoneos;
				SWIFT_COMPILATION_MODE = wholemodule;
				VALIDATE_PRODUCT = YES;
			};
			name = Release;
		};
		B4E879AA2D880853001975BD /* Debug */ = {
			isa = XCBuildConfiguration;
			buildSettings = {
				ASSETCATALOG_COMPILER_APPICON_NAME = AppIcon;
				ASSETCATALOG_COMPILER_GLOBAL_ACCENT_COLOR_NAME = AccentColor;
				CODE_SIGN_STYLE = Automatic;
				CURRENT_PROJECT_VERSION = 1;
				DEVELOPMENT_ASSET_PATHS = "\"MovieDatabaseSwiftUI/Preview Content\"";
				DEVELOPMENT_TEAM = U78C6LAW4L;
				ENABLE_PREVIEWS = YES;
				GENERATE_INFOPLIST_FILE = YES;
				INFOPLIST_FILE = MovieDatabaseSwiftUI/Info.plist;
				INFOPLIST_KEY_UIApplicationSceneManifest_Generation = YES;
				INFOPLIST_KEY_UIApplicationSupportsIndirectInputEvents = YES;
				INFOPLIST_KEY_UILaunchScreen_Generation = YES;
				INFOPLIST_KEY_UISupportedInterfaceOrientations_iPad = "UIInterfaceOrientationPortrait UIInterfaceOrientationPortraitUpsideDown UIInterfaceOrientationLandscapeLeft UIInterfaceOrientationLandscapeRight";
				INFOPLIST_KEY_UISupportedInterfaceOrientations_iPhone = "UIInterfaceOrientationPortrait UIInterfaceOrientationLandscapeLeft UIInterfaceOrientationLandscapeRight";
				LD_RUNPATH_SEARCH_PATHS = (
					"$(inherited)",
					"@executable_path/Frameworks",
				);
				MARKETING_VERSION = 1.0;
				PRODUCT_BUNDLE_IDENTIFIER = com.wibidarmawan.MovieDatabaseSwiftUI;
				PRODUCT_NAME = "$(TARGET_NAME)";
				SWIFT_EMIT_LOC_STRINGS = YES;
				SWIFT_VERSION = 5.0;
				TARGETED_DEVICE_FAMILY = "1,2";
			};
			name = Debug;
		};
		B4E879AB2D880853001975BD /* Release */ = {
			isa = XCBuildConfiguration;
			buildSettings = {
				ASSETCATALOG_COMPILER_APPICON_NAME = AppIcon;
				ASSETCATALOG_COMPILER_GLOBAL_ACCENT_COLOR_NAME = AccentColor;
				CODE_SIGN_STYLE = Automatic;
				CURRENT_PROJECT_VERSION = 1;
				DEVELOPMENT_ASSET_PATHS = "\"MovieDatabaseSwiftUI/Preview Content\"";
				DEVELOPMENT_TEAM = U78C6LAW4L;
				ENABLE_PREVIEWS = YES;
				GENERATE_INFOPLIST_FILE = YES;
				INFOPLIST_FILE = MovieDatabaseSwiftUI/Info.plist;
				INFOPLIST_KEY_UIApplicationSceneManifest_Generation = YES;
				INFOPLIST_KEY_UIApplicationSupportsIndirectInputEvents = YES;
				INFOPLIST_KEY_UILaunchScreen_Generation = YES;
				INFOPLIST_KEY_UISupportedInterfaceOrientations_iPad = "UIInterfaceOrientationPortrait UIInterfaceOrientationPortraitUpsideDown UIInterfaceOrientationLandscapeLeft UIInterfaceOrientationLandscapeRight";
				INFOPLIST_KEY_UISupportedInterfaceOrientations_iPhone = "UIInterfaceOrientationPortrait UIInterfaceOrientationLandscapeLeft UIInterfaceOrientationLandscapeRight";
				LD_RUNPATH_SEARCH_PATHS = (
					"$(inherited)",
					"@executable_path/Frameworks",
				);
				MARKETING_VERSION = 1.0;
				PRODUCT_BUNDLE_IDENTIFIER = com.wibidarmawan.MovieDatabaseSwiftUI;
				PRODUCT_NAME = "$(TARGET_NAME)";
				SWIFT_EMIT_LOC_STRINGS = YES;
				SWIFT_VERSION = 5.0;
				TARGETED_DEVICE_FAMILY = "1,2";
			};
			name = Release;
		};
		B4E879AD2D880853001975BD /* Debug */ = {
			isa = XCBuildConfiguration;
			buildSettings = {
				BUNDLE_LOADER = "$(TEST_HOST)";
				CODE_SIGN_STYLE = Automatic;
				CURRENT_PROJECT_VERSION = 1;
				DEVELOPMENT_TEAM = U78C6LAW4L;
				GENERATE_INFOPLIST_FILE = YES;
				IPHONEOS_DEPLOYMENT_TARGET = 18.2;
				MARKETING_VERSION = 1.0;
				PRODUCT_BUNDLE_IDENTIFIER = com.wibidarmawan.MovieDatabaseSwiftUITests;
				PRODUCT_NAME = "$(TARGET_NAME)";
				SWIFT_EMIT_LOC_STRINGS = NO;
				SWIFT_VERSION = 5.0;
				TARGETED_DEVICE_FAMILY = "1,2";
				TEST_HOST = "$(BUILT_PRODUCTS_DIR)/MovieDatabaseSwiftUI.app/$(BUNDLE_EXECUTABLE_FOLDER_PATH)/MovieDatabaseSwiftUI";
			};
			name = Debug;
		};
		B4E879AE2D880853001975BD /* Release */ = {
			isa = XCBuildConfiguration;
			buildSettings = {
				BUNDLE_LOADER = "$(TEST_HOST)";
				CODE_SIGN_STYLE = Automatic;
				CURRENT_PROJECT_VERSION = 1;
				DEVELOPMENT_TEAM = U78C6LAW4L;
				GENERATE_INFOPLIST_FILE = YES;
				IPHONEOS_DEPLOYMENT_TARGET = 18.2;
				MARKETING_VERSION = 1.0;
				PRODUCT_BUNDLE_IDENTIFIER = com.wibidarmawan.MovieDatabaseSwiftUITests;
				PRODUCT_NAME = "$(TARGET_NAME)";
				SWIFT_EMIT_LOC_STRINGS = NO;
				SWIFT_VERSION = 5.0;
				TARGETED_DEVICE_FAMILY = "1,2";
				TEST_HOST = "$(BUILT_PRODUCTS_DIR)/MovieDatabaseSwiftUI.app/$(BUNDLE_EXECUTABLE_FOLDER_PATH)/MovieDatabaseSwiftUI";
			};
			name = Release;
		};
		B4E879B02D880853001975BD /* Debug */ = {
			isa = XCBuildConfiguration;
			buildSettings = {
				CODE_SIGN_STYLE = Automatic;
				CURRENT_PROJECT_VERSION = 1;
				DEVELOPMENT_TEAM = U78C6LAW4L;
				GENERATE_INFOPLIST_FILE = YES;
				MARKETING_VERSION = 1.0;
				PRODUCT_BUNDLE_IDENTIFIER = com.wibidarmawan.MovieDatabaseSwiftUIUITests;
				PRODUCT_NAME = "$(TARGET_NAME)";
				SWIFT_EMIT_LOC_STRINGS = NO;
				SWIFT_VERSION = 5.0;
				TARGETED_DEVICE_FAMILY = "1,2";
				TEST_TARGET_NAME = MovieDatabaseSwiftUI;
			};
			name = Debug;
		};
		B4E879B12D880853001975BD /* Release */ = {
			isa = XCBuildConfiguration;
			buildSettings = {
				CODE_SIGN_STYLE = Automatic;
				CURRENT_PROJECT_VERSION = 1;
				DEVELOPMENT_TEAM = U78C6LAW4L;
				GENERATE_INFOPLIST_FILE = YES;
				MARKETING_VERSION = 1.0;
				PRODUCT_BUNDLE_IDENTIFIER = com.wibidarmawan.MovieDatabaseSwiftUIUITests;
				PRODUCT_NAME = "$(TARGET_NAME)";
				SWIFT_EMIT_LOC_STRINGS = NO;
				SWIFT_VERSION = 5.0;
				TARGETED_DEVICE_FAMILY = "1,2";
				TEST_TARGET_NAME = MovieDatabaseSwiftUI;
			};
			name = Release;
		};
/* End XCBuildConfiguration section */

/* Begin XCConfigurationList section */
		B4E879802D88084D001975BD /* Build configuration list for PBXProject "MovieDatabaseSwiftUI" */ = {
			isa = XCConfigurationList;
			buildConfigurations = (
				B4E879A72D880853001975BD /* Debug */,
				B4E879A82D880853001975BD /* Release */,
			);
			defaultConfigurationIsVisible = 0;
			defaultConfigurationName = Release;
		};
		B4E879A92D880853001975BD /* Build configuration list for PBXNativeTarget "MovieDatabaseSwiftUI" */ = {
			isa = XCConfigurationList;
			buildConfigurations = (
				B4E879AA2D880853001975BD /* Debug */,
				B4E879AB2D880853001975BD /* Release */,
			);
			defaultConfigurationIsVisible = 0;
			defaultConfigurationName = Release;
		};
		B4E879AC2D880853001975BD /* Build configuration list for PBXNativeTarget "MovieDatabaseSwiftUITests" */ = {
			isa = XCConfigurationList;
			buildConfigurations = (
				B4E879AD2D880853001975BD /* Debug */,
				B4E879AE2D880853001975BD /* Release */,
			);
			defaultConfigurationIsVisible = 0;
			defaultConfigurationName = Release;
		};
		B4E879AF2D880853001975BD /* Build configuration list for PBXNativeTarget "MovieDatabaseSwiftUIUITests" */ = {
			isa = XCConfigurationList;
			buildConfigurations = (
				B4E879B02D880853001975BD /* Debug */,
				B4E879B12D880853001975BD /* Release */,
			);
			defaultConfigurationIsVisible = 0;
			defaultConfigurationName = Release;
		};
/* End XCConfigurationList section */

/* Begin XCRemoteSwiftPackageReference section */
		B4101C712D8D0DF500C51E9A /* XCRemoteSwiftPackageReference "Kingfisher" */ = {
			isa = XCRemoteSwiftPackageReference;
			repositoryURL = "https://github.com/onevcat/Kingfisher.git";
			requirement = {
				kind = upToNextMajorVersion;
				minimumVersion = 8.3.1;
			};
		};
/* End XCRemoteSwiftPackageReference section */

/* Begin XCSwiftPackageProductDependency section */
		B4101C722D8D0DF500C51E9A /* Kingfisher */ = {
			isa = XCSwiftPackageProductDependency;
			package = B4101C712D8D0DF500C51E9A /* XCRemoteSwiftPackageReference "Kingfisher" */;
			productName = Kingfisher;
		};
/* End XCSwiftPackageProductDependency section */
	};
	rootObject = B4E8797D2D88084D001975BD /* Project object */;
}
